<?xml version="1.0" encoding="utf-8"?>
<Project ToolsVersion="4.0" xmlns="http://schemas.microsoft.com/developer/msbuild/2003">
  <ItemGroup>
    <Filter Include="Common">
      <UniqueIdentifier>789984a3-2f21-4fbe-82f3-de36ed17f8c8</UniqueIdentifier>
    </Filter>
    <Filter Include="Assets">
      <UniqueIdentifier>a2573fed-0400-426a-9eec-0aeab5f44388</UniqueIdentifier>
      <Extensions>bmp;fbx;gif;jpg;jpeg;tga;tiff;tif;png</Extensions>
    </Filter>
    <Filter Include="Content">
      <UniqueIdentifier>b7f695d0-fbd5-4770-a19b-863a48fec14d</UniqueIdentifier>
    </Filter>
    <ClInclude Include="Code\Common\d3dx12.h">
      <Filter>Common</Filter>
    </ClInclude>
    <ClInclude Include="Code\Common\DirectXHelper.h">
      <Filter>Common</Filter>
    </ClInclude>
    <ClInclude Include="Code\Common\StepTimer.h">
      <Filter>Common</Filter>
    </ClInclude>
    <ClCompile Include="Code\Common\DeviceResources.cpp">
      <Filter>Common</Filter>
    </ClCompile>
    <ClInclude Include="Code\Content\Sample3DSceneRenderer.h">
      <Filter>Content</Filter>
    </ClInclude>
    <ClInclude Include="Code\Content\ShaderStructures.h">
      <Filter>Content</Filter>
    </ClInclude>
    <ClCompile Include="Code\Content\Sample3DSceneRenderer.cpp">
      <Filter>Content</Filter>
    </ClCompile>
    <Filter Include="Shaders">
      <UniqueIdentifier>{f538a8d0-12c1-4a29-b8a2-f5f0cb0037ff}</UniqueIdentifier>
    </Filter>
  </ItemGroup>
  <ItemGroup>
    <FxCompile Include="Shaders\SamplePixelShader.hlsl">
      <Filter>Shaders</Filter>
    </FxCompile>
    <FxCompile Include="Shaders\SampleVertexShader.hlsl">
      <Filter>Shaders</Filter>
    </FxCompile>
  </ItemGroup>
  <ItemGroup>
    <ClCompile Include="Code\App.cpp" />
    <ClCompile Include="Code\pch.cpp" />
    <ClCompile Include="Code\DirectX_RayTracing_Demo_Main.cpp" />
  </ItemGroup>
  <ItemGroup>
    <ClInclude Include="Code\App.h" />
    <ClInclude Include="Code\Common\DeviceResources.h" />
    <ClInclude Include="Code\pch.h" />
    <ClInclude Include="Code\DirectX_RayTracing_Demo_Main.h" />
  </ItemGroup>
  <ItemGroup>
    <Image Include="Assets\LockScreenLogo.scale-200.png">
      <Filter>Assets</Filter>
    </Image>
    <Image Include="Assets\SplashScreen.scale-200.png">
      <Filter>Assets</Filter>
    </Image>
    <Image Include="Assets\Square150x150Logo.scale-200.png">
      <Filter>Assets</Filter>
    </Image>
    <Image Include="Assets\Square44x44Logo.scale-200.png">
      <Filter>Assets</Filter>
    </Image>
    <Image Include="Assets\Square44x44Logo.targetsize-24_altform-unplated.png">
      <Filter>Assets</Filter>
    </Image>
    <Image Include="Assets\StoreLogo.png">
      <Filter>Assets</Filter>
    </Image>
    <Image Include="Assets\Wide310x150Logo.scale-200.png">
      <Filter>Assets</Filter>
    </Image>
  </ItemGroup>
  <ItemGroup>
    <AppxManifest Include="Package.appxmanifest" />
  </ItemGroup>
</Project>